
Microsoft Visual Studio Solution File, Format Version 12.00
# Visual Studio Version 16
VisualStudioVersion = 16.0.31424.327
MinimumVisualStudioVersion = 10.0.40219.1
Project("{9A19103F-16F7-4668-BE54-9A1E7A4F7556}") = "ConsoleApp5", "ConsoleApp5\ConsoleApp5.csproj", "{89302F1F-5E67-4102-9BAE-5A27575BBC9A}"
EndProject
Project("{FAE04EC0-301F-11D3-BF4B-00C04F79EFBC}") = "Krestik", "Krestik\Krestik.csproj", "{0EF66167-B079-44DF-A878-403CE7043A1D}"
EndProject
Global
	GlobalSection(SolutionConfigurationPlatforms) = preSolution
		Debug|Any CPU = Debug|Any CPU
		Release|Any CPU = Release|Any CPU
	EndGlobalSection
	GlobalSection(ProjectConfigurationPlatforms) = postSolution
		{89302F1F-5E67-4102-9BAE-5A27575BBC9A}.Debug|Any CPU.ActiveCfg = Debug|Any CPU
		{89302F1F-5E67-4102-9BAE-5A27575BBC9A}.Debug|Any CPU.Build.0 = Debug|Any CPU
		{89302F1F-5E67-4102-9BAE-5A27575BBC9A}.Release|Any CPU.ActiveCfg = Release|Any CPU
		{89302F1F-5E67-4102-9BAE-5A27575BBC9A}.Release|Any CPU.Build.0 = Release|Any CPU
		{0EF66167-B079-44DF-A878-403CE7043A1D}.Debug|Any CPU.ActiveCfg = Debug|Any CPU
		{0EF66167-B079-44DF-A878-403CE7043A1D}.Debug|Any CPU.Build.0 = Debug|Any CPU
		{0EF66167-B079-44DF-A878-403CE7043A1D}.Release|Any CPU.ActiveCfg = Release|Any CPU
		{0EF66167-B079-44DF-A878-403CE7043A1D}.Release|Any CPU.Build.0 = Release|Any CPU
	EndGlobalSection
	GlobalSection(SolutionProperties) = preSolution
		HideSolutionNode = FALSE
	EndGlobalSection
	GlobalSection(ExtensibilityGlobals) = postSolution
		SolutionGuid = {DFA39CA8-1EF3-42F9-B8DF-27B1CD5B4036}
	EndGlobalSection
EndGlobal
